
Microsoft Visual Studio Solution File, Format Version 12.00
# Visual Studio 15
Project("{FAE04EC0-301F-11D3-BF4B-00C04F79EFBC}") = "HippotronicsPilightReceiver", "HippotronicsPilightReceiver\HippotronicsPilightReceiver.csproj", "{EE361B3E-91D4-4061-BBA9-496DE33828C4}"
EndProject
Project("{2150E333-8FDC-42A3-9474-1A3956D46DE8}") = "Solution Items", "Solution Items", "{39F3781F-B29C-4F22-A66A-08408EE44375}"
EndProject
Project("{FAE04EC0-301F-11D3-BF4B-00C04F79EFBC}") = "PulseEv1527", "PulseEv1527\PulseEv1527.csproj", "{C79021E9-1172-4C82-9379-A0D5BDCE9298}"
EndProject
Project("{FAE04EC0-301F-11D3-BF4B-00C04F79EFBC}") = "Ev1527Lib", "Ev1527Lib\Ev1527Lib.csproj", "{D64AF070-AA33-458B-9F3F-37FFD4ADBCE2}"
EndProject
Global
	GlobalSection(SolutionConfigurationPlatforms) = preSolution
		Debug|Any CPU = Debug|Any CPU
		Release|Any CPU = Release|Any CPU
	EndGlobalSection
	GlobalSection(ProjectConfigurationPlatforms) = postSolution
		{EE361B3E-91D4-4061-BBA9-496DE33828C4}.Debug|Any CPU.ActiveCfg = Debug|Any CPU
		{EE361B3E-91D4-4061-BBA9-496DE33828C4}.Debug|Any CPU.Build.0 = Debug|Any CPU
		{EE361B3E-91D4-4061-BBA9-496DE33828C4}.Release|Any CPU.ActiveCfg = Release|Any CPU
		{EE361B3E-91D4-4061-BBA9-496DE33828C4}.Release|Any CPU.Build.0 = Release|Any CPU
		{C79021E9-1172-4C82-9379-A0D5BDCE9298}.Debug|Any CPU.ActiveCfg = Debug|Any CPU
		{C79021E9-1172-4C82-9379-A0D5BDCE9298}.Debug|Any CPU.Build.0 = Debug|Any CPU
		{C79021E9-1172-4C82-9379-A0D5BDCE9298}.Release|Any CPU.ActiveCfg = Release|Any CPU
		{C79021E9-1172-4C82-9379-A0D5BDCE9298}.Release|Any CPU.Build.0 = Release|Any CPU
		{D64AF070-AA33-458B-9F3F-37FFD4ADBCE2}.Debug|Any CPU.ActiveCfg = Debug|Any CPU
		{D64AF070-AA33-458B-9F3F-37FFD4ADBCE2}.Debug|Any CPU.Build.0 = Debug|Any CPU
		{D64AF070-AA33-458B-9F3F-37FFD4ADBCE2}.Release|Any CPU.ActiveCfg = Release|Any CPU
		{D64AF070-AA33-458B-9F3F-37FFD4ADBCE2}.Release|Any CPU.Build.0 = Release|Any CPU
	EndGlobalSection
EndGlobal
